// !$*UTF8*$!
{
	archiveVersion = 1;
	classes = {
	};
	objectVersion = 46;
	objects = {

/* Begin PBXBuildFile section */
		413A23D61E59DA690097B0BC /* Currency.swift in Sources */ = {isa = PBXBuildFile; fileRef = 413A23D41E59DA690097B0BC /* Currency.swift */; };
		413A23D71E59DA690097B0BC /* CurrencyWorker.swift in Sources */ = {isa = PBXBuildFile; fileRef = 413A23D51E59DA690097B0BC /* CurrencyWorker.swift */; };
		413A23DC1E59F2EE0097B0BC /* CurrencyPriceEntry.swift in Sources */ = {isa = PBXBuildFile; fileRef = 413A23DB1E59F2EE0097B0BC /* CurrencyPriceEntry.swift */; };
		413A23DE1E59F3780097B0BC /* CurrencyPriceSet.swift in Sources */ = {isa = PBXBuildFile; fileRef = 413A23DD1E59F3780097B0BC /* CurrencyPriceSet.swift */; };
		4141CF1A1E5CA98A0032D7EA /* PKHUD.framework in Frameworks */ = {isa = PBXBuildFile; fileRef = 4141CF191E5CA98A0032D7EA /* PKHUD.framework */; };
		4141CF221E5DC6990032D7EA /* DateValueFormatter.swift in Sources */ = {isa = PBXBuildFile; fileRef = 4141CF211E5DC6990032D7EA /* DateValueFormatter.swift */; };
		416AFD301E59B45900D2E90C /* AppDelegate.swift in Sources */ = {isa = PBXBuildFile; fileRef = 416AFD2F1E59B45900D2E90C /* AppDelegate.swift */; };
		416AFD351E59B45900D2E90C /* Main.storyboard in Resources */ = {isa = PBXBuildFile; fileRef = 416AFD331E59B45900D2E90C /* Main.storyboard */; };
		416AFD371E59B45900D2E90C /* Assets.xcassets in Resources */ = {isa = PBXBuildFile; fileRef = 416AFD361E59B45900D2E90C /* Assets.xcassets */; };
		416AFD3A1E59B45900D2E90C /* LaunchScreen.storyboard in Resources */ = {isa = PBXBuildFile; fileRef = 416AFD381E59B45900D2E90C /* LaunchScreen.storyboard */; };
		A81A36C11E59D3AB00EDC8CA /* CurrenciesPageController.swift in Sources */ = {isa = PBXBuildFile; fileRef = A81A36C01E59D3AB00EDC8CA /* CurrenciesPageController.swift */; };
		A81A36C51E59D3E800EDC8CA /* Alamofire.framework in Frameworks */ = {isa = PBXBuildFile; fileRef = A81A36C21E59D3E800EDC8CA /* Alamofire.framework */; };
		A81A36CF1E59D4DD00EDC8CA /* SwiftyJSON.framework in Frameworks */ = {isa = PBXBuildFile; fileRef = A81A36C41E59D3E800EDC8CA /* SwiftyJSON.framework */; };
		A81A36DE1E59D8B500EDC8CA /* MenuBar+ContainerView.swift in Sources */ = {isa = PBXBuildFile; fileRef = A81A36D61E59D8B500EDC8CA /* MenuBar+ContainerView.swift */; };
		A81A36DF1E59D8B500EDC8CA /* MenuBar.swift in Sources */ = {isa = PBXBuildFile; fileRef = A81A36D71E59D8B500EDC8CA /* MenuBar.swift */; };
		A81A36E01E59D8B500EDC8CA /* MenuCell.swift in Sources */ = {isa = PBXBuildFile; fileRef = A81A36D81E59D8B500EDC8CA /* MenuCell.swift */; };
		A81A36E11E59D8B500EDC8CA /* PageController+ContainerView.swift in Sources */ = {isa = PBXBuildFile; fileRef = A81A36D91E59D8B500EDC8CA /* PageController+ContainerView.swift */; };
		A81A36E21E59D8B500EDC8CA /* PageController.swift in Sources */ = {isa = PBXBuildFile; fileRef = A81A36DB1E59D8B500EDC8CA /* PageController.swift */; };
		A81A36E31E59D8B500EDC8CA /* PageControllerExtensions.swift in Sources */ = {isa = PBXBuildFile; fileRef = A81A36DC1E59D8B500EDC8CA /* PageControllerExtensions.swift */; };
		A81A36E51E59D94100EDC8CA /* SingleCurrencyViewController.swift in Sources */ = {isa = PBXBuildFile; fileRef = A81A36E41E59D94100EDC8CA /* SingleCurrencyViewController.swift */; };
		A81A36E81E59DF8A00EDC8CA /* Charts.framework in Frameworks */ = {isa = PBXBuildFile; fileRef = A81A36E71E59DF8A00EDC8CA /* Charts.framework */; };
		A81A36EA1E59F17000EDC8CA /* CurrencyMenuCell.swift in Sources */ = {isa = PBXBuildFile; fileRef = A81A36E91E59F17000EDC8CA /* CurrencyMenuCell.swift */; };
		A81A36EC1E5A0F8500EDC8CA /* CurrencyType.swift in Sources */ = {isa = PBXBuildFile; fileRef = A81A36EB1E5A0F8500EDC8CA /* CurrencyType.swift */; };
		A81A36EE1E5A1B2B00EDC8CA /* SettingsViewController.swift in Sources */ = {isa = PBXBuildFile; fileRef = A81A36ED1E5A1B2B00EDC8CA /* SettingsViewController.swift */; };
		A84538A11E5DA5AA00187362 /* ChameleonFramework.framework in Frameworks */ = {isa = PBXBuildFile; fileRef = A845389F1E5DA5AA00187362 /* ChameleonFramework.framework */; };
		A84538A21E5DA5AA00187362 /* SwiftyUserDefaults.framework in Frameworks */ = {isa = PBXBuildFile; fileRef = A84538A01E5DA5AA00187362 /* SwiftyUserDefaults.framework */; };
		A87571EA1E5CA6D30079EE7E /* DateTimePickerViewController.m in Sources */ = {isa = PBXBuildFile; fileRef = A87571E91E5CA6D30079EE7E /* DateTimePickerViewController.m */; };
		A8D619F01E5D6D31003472EC /* DateTimePickerView.xib in Resources */ = {isa = PBXBuildFile; fileRef = A8D619EF1E5D6D31003472EC /* DateTimePickerView.xib */; };
		A8D619F31E5D8BF0003472EC /* UserDefaults+CurencyStatist.swift in Sources */ = {isa = PBXBuildFile; fileRef = A8D619F21E5D8BF0003472EC /* UserDefaults+CurencyStatist.swift */; };
		A8D619F51E5D9C33003472EC /* UIKit+CurrencyStatist.swift in Sources */ = {isa = PBXBuildFile; fileRef = A8D619F41E5D9C33003472EC /* UIKit+CurrencyStatist.swift */; };
		C2AE95CC4D9A2E22EF9961AC /* Pods_Currency_Statist.framework in Frameworks */ = {isa = PBXBuildFile; fileRef = DE78279BCAD75871216E91E7 /* Pods_Currency_Statist.framework */; };
/* End PBXBuildFile section */

/* Begin PBXFileReference section */
		0F7C525F4AC9DA03AC3B23C1 /* Pods-Currency-Statist.debug.xcconfig */ = {isa = PBXFileReference; includeInIndex = 1; lastKnownFileType = text.xcconfig; name = "Pods-Currency-Statist.debug.xcconfig"; path = "Pods/Target Support Files/Pods-Currency-Statist/Pods-Currency-Statist.debug.xcconfig"; sourceTree = "<group>"; };
		413A23D41E59DA690097B0BC /* Currency.swift */ = {isa = PBXFileReference; fileEncoding = 4; lastKnownFileType = sourcecode.swift; path = Currency.swift; sourceTree = "<group>"; };
		413A23D51E59DA690097B0BC /* CurrencyWorker.swift */ = {isa = PBXFileReference; fileEncoding = 4; lastKnownFileType = sourcecode.swift; path = CurrencyWorker.swift; sourceTree = "<group>"; };
		413A23DB1E59F2EE0097B0BC /* CurrencyPriceEntry.swift */ = {isa = PBXFileReference; fileEncoding = 4; lastKnownFileType = sourcecode.swift; path = CurrencyPriceEntry.swift; sourceTree = "<group>"; };
		413A23DD1E59F3780097B0BC /* CurrencyPriceSet.swift */ = {isa = PBXFileReference; fileEncoding = 4; lastKnownFileType = sourcecode.swift; path = CurrencyPriceSet.swift; sourceTree = "<group>"; };
		4141CF191E5CA98A0032D7EA /* PKHUD.framework */ = {isa = PBXFileReference; lastKnownFileType = wrapper.framework; name = PKHUD.framework; path = "Pods/../build/Debug-iphoneos/PKHUD/PKHUD.framework"; sourceTree = "<group>"; };
		4141CF211E5DC6990032D7EA /* DateValueFormatter.swift */ = {isa = PBXFileReference; fileEncoding = 4; lastKnownFileType = sourcecode.swift; path = DateValueFormatter.swift; sourceTree = "<group>"; };
		416AFD2C1E59B45900D2E90C /* Currency-Statist.app */ = {isa = PBXFileReference; explicitFileType = wrapper.application; includeInIndex = 0; path = "Currency-Statist.app"; sourceTree = BUILT_PRODUCTS_DIR; };
		416AFD2F1E59B45900D2E90C /* AppDelegate.swift */ = {isa = PBXFileReference; lastKnownFileType = sourcecode.swift; path = AppDelegate.swift; sourceTree = "<group>"; };
		416AFD341E59B45900D2E90C /* Base */ = {isa = PBXFileReference; lastKnownFileType = file.storyboard; name = Base; path = Base.lproj/Main.storyboard; sourceTree = "<group>"; };
		416AFD361E59B45900D2E90C /* Assets.xcassets */ = {isa = PBXFileReference; lastKnownFileType = folder.assetcatalog; path = Assets.xcassets; sourceTree = "<group>"; };
		416AFD391E59B45900D2E90C /* Base */ = {isa = PBXFileReference; lastKnownFileType = file.storyboard; name = Base; path = Base.lproj/LaunchScreen.storyboard; sourceTree = "<group>"; };
		416AFD3B1E59B45900D2E90C /* Info.plist */ = {isa = PBXFileReference; lastKnownFileType = text.plist.xml; path = Info.plist; sourceTree = "<group>"; };
		A81A36C01E59D3AB00EDC8CA /* CurrenciesPageController.swift */ = {isa = PBXFileReference; fileEncoding = 4; lastKnownFileType = sourcecode.swift; path = CurrenciesPageController.swift; sourceTree = "<group>"; };
		A81A36C21E59D3E800EDC8CA /* Alamofire.framework */ = {isa = PBXFileReference; lastKnownFileType = wrapper.framework; name = Alamofire.framework; path = "../../Library/Developer/Xcode/DerivedData/Currency-Statist-flqsxkihvmjwniecfdlbnclykkqu/Build/Products/Debug-iphonesimulator/Alamofire/Alamofire.framework"; sourceTree = "<group>"; };
		A81A36C31E59D3E800EDC8CA /* PageController.framework */ = {isa = PBXFileReference; lastKnownFileType = wrapper.framework; name = PageController.framework; path = "../../Library/Developer/Xcode/DerivedData/Currency-Statist-flqsxkihvmjwniecfdlbnclykkqu/Build/Products/Debug-iphonesimulator/PageController/PageController.framework"; sourceTree = "<group>"; };
		A81A36C41E59D3E800EDC8CA /* SwiftyJSON.framework */ = {isa = PBXFileReference; lastKnownFileType = wrapper.framework; name = SwiftyJSON.framework; path = "../../Library/Developer/Xcode/DerivedData/Currency-Statist-flqsxkihvmjwniecfdlbnclykkqu/Build/Products/Debug-iphonesimulator/SwiftyJSON/SwiftyJSON.framework"; sourceTree = "<group>"; };
		A81A36D61E59D8B500EDC8CA /* MenuBar+ContainerView.swift */ = {isa = PBXFileReference; fileEncoding = 4; lastKnownFileType = sourcecode.swift; path = "MenuBar+ContainerView.swift"; sourceTree = "<group>"; };
		A81A36D71E59D8B500EDC8CA /* MenuBar.swift */ = {isa = PBXFileReference; fileEncoding = 4; lastKnownFileType = sourcecode.swift; path = MenuBar.swift; sourceTree = "<group>"; };
		A81A36D81E59D8B500EDC8CA /* MenuCell.swift */ = {isa = PBXFileReference; fileEncoding = 4; lastKnownFileType = sourcecode.swift; path = MenuCell.swift; sourceTree = "<group>"; };
		A81A36D91E59D8B500EDC8CA /* PageController+ContainerView.swift */ = {isa = PBXFileReference; fileEncoding = 4; lastKnownFileType = sourcecode.swift; path = "PageController+ContainerView.swift"; sourceTree = "<group>"; };
		A81A36DB1E59D8B500EDC8CA /* PageController.swift */ = {isa = PBXFileReference; fileEncoding = 4; lastKnownFileType = sourcecode.swift; path = PageController.swift; sourceTree = "<group>"; };
		A81A36DC1E59D8B500EDC8CA /* PageControllerExtensions.swift */ = {isa = PBXFileReference; fileEncoding = 4; lastKnownFileType = sourcecode.swift; path = PageControllerExtensions.swift; sourceTree = "<group>"; };
		A81A36E41E59D94100EDC8CA /* SingleCurrencyViewController.swift */ = {isa = PBXFileReference; fileEncoding = 4; lastKnownFileType = sourcecode.swift; path = SingleCurrencyViewController.swift; sourceTree = "<group>"; };
		A81A36E71E59DF8A00EDC8CA /* Charts.framework */ = {isa = PBXFileReference; lastKnownFileType = wrapper.framework; name = Charts.framework; path = "../../Library/Developer/Xcode/DerivedData/Currency-Statist-flqsxkihvmjwniecfdlbnclykkqu/Build/Products/Debug-iphoneos/Charts/Charts.framework"; sourceTree = "<group>"; };
		A81A36E91E59F17000EDC8CA /* CurrencyMenuCell.swift */ = {isa = PBXFileReference; fileEncoding = 4; lastKnownFileType = sourcecode.swift; path = CurrencyMenuCell.swift; sourceTree = "<group>"; };
		A81A36EB1E5A0F8500EDC8CA /* CurrencyType.swift */ = {isa = PBXFileReference; fileEncoding = 4; lastKnownFileType = sourcecode.swift; path = CurrencyType.swift; sourceTree = "<group>"; };
		A81A36ED1E5A1B2B00EDC8CA /* SettingsViewController.swift */ = {isa = PBXFileReference; fileEncoding = 4; lastKnownFileType = sourcecode.swift; path = SettingsViewController.swift; sourceTree = "<group>"; };
		A845389F1E5DA5AA00187362 /* ChameleonFramework.framework */ = {isa = PBXFileReference; lastKnownFileType = wrapper.framework; name = ChameleonFramework.framework; path = "../../Library/Developer/Xcode/DerivedData/Currency-Statist-flqsxkihvmjwniecfdlbnclykkqu/Build/Products/Debug-iphoneos/ChameleonFramework/ChameleonFramework.framework"; sourceTree = "<group>"; };
		A84538A01E5DA5AA00187362 /* SwiftyUserDefaults.framework */ = {isa = PBXFileReference; lastKnownFileType = wrapper.framework; name = SwiftyUserDefaults.framework; path = "../../Library/Developer/Xcode/DerivedData/Currency-Statist-flqsxkihvmjwniecfdlbnclykkqu/Build/Products/Debug-iphoneos/SwiftyUserDefaults/SwiftyUserDefaults.framework"; sourceTree = "<group>"; };
		A87571E71E5CA6D20079EE7E /* Currency-Statist-Bridging-Header.h */ = {isa = PBXFileReference; lastKnownFileType = sourcecode.c.h; path = "Currency-Statist-Bridging-Header.h"; sourceTree = "<group>"; };
		A87571E81E5CA6D30079EE7E /* DateTimePickerViewController.h */ = {isa = PBXFileReference; fileEncoding = 4; lastKnownFileType = sourcecode.c.h; path = DateTimePickerViewController.h; sourceTree = "<group>"; };
		A87571E91E5CA6D30079EE7E /* DateTimePickerViewController.m */ = {isa = PBXFileReference; fileEncoding = 4; lastKnownFileType = sourcecode.c.objc; path = DateTimePickerViewController.m; sourceTree = "<group>"; };
		A8D619EF1E5D6D31003472EC /* DateTimePickerView.xib */ = {isa = PBXFileReference; fileEncoding = 4; lastKnownFileType = file.xib; path = DateTimePickerView.xib; sourceTree = "<group>"; };
		A8D619F21E5D8BF0003472EC /* UserDefaults+CurencyStatist.swift */ = {isa = PBXFileReference; fileEncoding = 4; lastKnownFileType = sourcecode.swift; path = "UserDefaults+CurencyStatist.swift"; sourceTree = "<group>"; };
		A8D619F41E5D9C33003472EC /* UIKit+CurrencyStatist.swift */ = {isa = PBXFileReference; fileEncoding = 4; lastKnownFileType = sourcecode.swift; path = "UIKit+CurrencyStatist.swift"; sourceTree = "<group>"; };
		B966DBC5DC2D9B00B258D922 /* Pods-Currency-Statist.release.xcconfig */ = {isa = PBXFileReference; includeInIndex = 1; lastKnownFileType = text.xcconfig; name = "Pods-Currency-Statist.release.xcconfig"; path = "Pods/Target Support Files/Pods-Currency-Statist/Pods-Currency-Statist.release.xcconfig"; sourceTree = "<group>"; };
		DE78279BCAD75871216E91E7 /* Pods_Currency_Statist.framework */ = {isa = PBXFileReference; explicitFileType = wrapper.framework; includeInIndex = 0; path = Pods_Currency_Statist.framework; sourceTree = BUILT_PRODUCTS_DIR; };
/* End PBXFileReference section */

/* Begin PBXFrameworksBuildPhase section */
		416AFD291E59B45900D2E90C /* Frameworks */ = {
			isa = PBXFrameworksBuildPhase;
			buildActionMask = 2147483647;
			files = (
				A84538A11E5DA5AA00187362 /* ChameleonFramework.framework in Frameworks */,
				A84538A21E5DA5AA00187362 /* SwiftyUserDefaults.framework in Frameworks */,
				4141CF1A1E5CA98A0032D7EA /* PKHUD.framework in Frameworks */,
				A81A36E81E59DF8A00EDC8CA /* Charts.framework in Frameworks */,
				A81A36CF1E59D4DD00EDC8CA /* SwiftyJSON.framework in Frameworks */,
				A81A36C51E59D3E800EDC8CA /* Alamofire.framework in Frameworks */,
				C2AE95CC4D9A2E22EF9961AC /* Pods_Currency_Statist.framework in Frameworks */,
			);
			runOnlyForDeploymentPostprocessing = 0;
		};
/* End PBXFrameworksBuildPhase section */

/* Begin PBXGroup section */
		3DB8D4721CE0DCC1FF84BEB9 /* Frameworks */ = {
			isa = PBXGroup;
			children = (
				A845389F1E5DA5AA00187362 /* ChameleonFramework.framework */,
				A84538A01E5DA5AA00187362 /* SwiftyUserDefaults.framework */,
				4141CF191E5CA98A0032D7EA /* PKHUD.framework */,
				A81A36E71E59DF8A00EDC8CA /* Charts.framework */,
				A81A36C21E59D3E800EDC8CA /* Alamofire.framework */,
				A81A36C31E59D3E800EDC8CA /* PageController.framework */,
				A81A36C41E59D3E800EDC8CA /* SwiftyJSON.framework */,
				DE78279BCAD75871216E91E7 /* Pods_Currency_Statist.framework */,
			);
			name = Frameworks;
			sourceTree = "<group>";
		};
		413A23CC1E59BC090097B0BC /* UI */ = {
			isa = PBXGroup;
			children = (
				416AFD381E59B45900D2E90C /* LaunchScreen.storyboard */,
				416AFD361E59B45900D2E90C /* Assets.xcassets */,
				416AFD331E59B45900D2E90C /* Main.storyboard */,
			);
			name = UI;
			sourceTree = "<group>";
		};
		413A23DA1E59F2BF0097B0BC /* Model */ = {
			isa = PBXGroup;
			children = (
				413A23D41E59DA690097B0BC /* Currency.swift */,
				A81A36EB1E5A0F8500EDC8CA /* CurrencyType.swift */,
				413A23DD1E59F3780097B0BC /* CurrencyPriceSet.swift */,
				413A23DB1E59F2EE0097B0BC /* CurrencyPriceEntry.swift */,
			);
			name = Model;
			sourceTree = "<group>";
		};
		416AFD231E59B45900D2E90C = {
			isa = PBXGroup;
			children = (
				416AFD2E1E59B45900D2E90C /* Currency-Statist */,
				416AFD2D1E59B45900D2E90C /* Products */,
				DA9432C74E9B5059B5FA0F4C /* Pods */,
				3DB8D4721CE0DCC1FF84BEB9 /* Frameworks */,
			);
			sourceTree = "<group>";
		};
		416AFD2D1E59B45900D2E90C /* Products */ = {
			isa = PBXGroup;
			children = (
				416AFD2C1E59B45900D2E90C /* Currency-Statist.app */,
			);
			name = Products;
			sourceTree = "<group>";
		};
		416AFD2E1E59B45900D2E90C /* Currency-Statist */ = {
			isa = PBXGroup;
			children = (
				A81A36BE1E59D36300EDC8CA /* Resources */,
				A81A36BD1E59D35C00EDC8CA /* Sources */,
			);
			path = "Currency-Statist";
			sourceTree = "<group>";
		};
		A81A36BD1E59D35C00EDC8CA /* Sources */ = {
			isa = PBXGroup;
			children = (
				A87571E61E5CA6BB0079EE7E /* DateTimeController */,
				A81A36D41E59D8B500EDC8CA /* PageController */,
				A81A36BF1E59D38000EDC8CA /* UI */,
				413A23DA1E59F2BF0097B0BC /* Model */,
				A8D619F11E5D8BD6003472EC /* Utils */,
				413A23D51E59DA690097B0BC /* CurrencyWorker.swift */,
				416AFD2F1E59B45900D2E90C /* AppDelegate.swift */,
			);
			name = Sources;
			sourceTree = "<group>";
		};
		A81A36BE1E59D36300EDC8CA /* Resources */ = {
			isa = PBXGroup;
			children = (
				413A23CC1E59BC090097B0BC /* UI */,
				416AFD3B1E59B45900D2E90C /* Info.plist */,
			);
			name = Resources;
			sourceTree = "<group>";
		};
		A81A36BF1E59D38000EDC8CA /* UI */ = {
			isa = PBXGroup;
			children = (
				A81A36E91E59F17000EDC8CA /* CurrencyMenuCell.swift */,
				A81A36C01E59D3AB00EDC8CA /* CurrenciesPageController.swift */,
				A81A36E41E59D94100EDC8CA /* SingleCurrencyViewController.swift */,
				A81A36ED1E5A1B2B00EDC8CA /* SettingsViewController.swift */,
			);
			name = UI;
			sourceTree = "<group>";
		};
		A81A36D41E59D8B500EDC8CA /* PageController */ = {
			isa = PBXGroup;
			children = (
				A81A36D61E59D8B500EDC8CA /* MenuBar+ContainerView.swift */,
				A81A36D71E59D8B500EDC8CA /* MenuBar.swift */,
				A81A36D81E59D8B500EDC8CA /* MenuCell.swift */,
				A81A36D91E59D8B500EDC8CA /* PageController+ContainerView.swift */,
				A81A36DB1E59D8B500EDC8CA /* PageController.swift */,
				A81A36DC1E59D8B500EDC8CA /* PageControllerExtensions.swift */,
			);
			path = PageController;
			sourceTree = "<group>";
		};
		A87571E61E5CA6BB0079EE7E /* DateTimeController */ = {
			isa = PBXGroup;
			children = (
				A87571E81E5CA6D30079EE7E /* DateTimePickerViewController.h */,
				A87571E91E5CA6D30079EE7E /* DateTimePickerViewController.m */,
				A8D619EF1E5D6D31003472EC /* DateTimePickerView.xib */,
				A87571E71E5CA6D20079EE7E /* Currency-Statist-Bridging-Header.h */,
			);
			name = DateTimeController;
			sourceTree = "<group>";
		};
		A8D619F11E5D8BD6003472EC /* Utils */ = {
			isa = PBXGroup;
			children = (
				4141CF211E5DC6990032D7EA /* DateValueFormatter.swift */,
				A8D619F21E5D8BF0003472EC /* UserDefaults+CurencyStatist.swift */,
				A8D619F41E5D9C33003472EC /* UIKit+CurrencyStatist.swift */,
			);
			name = Utils;
			sourceTree = "<group>";
		};
		DA9432C74E9B5059B5FA0F4C /* Pods */ = {
			isa = PBXGroup;
			children = (
				0F7C525F4AC9DA03AC3B23C1 /* Pods-Currency-Statist.debug.xcconfig */,
				B966DBC5DC2D9B00B258D922 /* Pods-Currency-Statist.release.xcconfig */,
			);
			name = Pods;
			sourceTree = "<group>";
		};
/* End PBXGroup section */

/* Begin PBXNativeTarget section */
		416AFD2B1E59B45900D2E90C /* Currency-Statist */ = {
			isa = PBXNativeTarget;
			buildConfigurationList = 416AFD3E1E59B45900D2E90C /* Build configuration list for PBXNativeTarget "Currency-Statist" */;
			buildPhases = (
				BC7203B7CC6C84218889C3F1 /* [CP] Check Pods Manifest.lock */,
				416AFD281E59B45900D2E90C /* Sources */,
				416AFD291E59B45900D2E90C /* Frameworks */,
				416AFD2A1E59B45900D2E90C /* Resources */,
				1CB049D09F27E8663968878D /* [CP] Embed Pods Frameworks */,
				7B87B8A996463E0A75F67FC9 /* [CP] Copy Pods Resources */,
			);
			buildRules = (
			);
			dependencies = (
			);
			name = "Currency-Statist";
			productName = "Currency-Statist";
			productReference = 416AFD2C1E59B45900D2E90C /* Currency-Statist.app */;
			productType = "com.apple.product-type.application";
		};
/* End PBXNativeTarget section */

/* Begin PBXProject section */
		416AFD241E59B45900D2E90C /* Project object */ = {
			isa = PBXProject;
			attributes = {
				LastSwiftUpdateCheck = 0820;
				LastUpgradeCheck = 0820;
				ORGANIZATIONNAME = "Vlad Krut";
				TargetAttributes = {
					416AFD2B1E59B45900D2E90C = {
						CreatedOnToolsVersion = 8.2.1;
						DevelopmentTeam = 76LJ97E96C;
						LastSwiftMigration = 0820;
						ProvisioningStyle = Automatic;
					};
				};
			};
			buildConfigurationList = 416AFD271E59B45900D2E90C /* Build configuration list for PBXProject "Currency-Statist" */;
			compatibilityVersion = "Xcode 3.2";
			developmentRegion = English;
			hasScannedForEncodings = 0;
			knownRegions = (
				en,
				Base,
			);
			mainGroup = 416AFD231E59B45900D2E90C;
			productRefGroup = 416AFD2D1E59B45900D2E90C /* Products */;
			projectDirPath = "";
			projectRoot = "";
			targets = (
				416AFD2B1E59B45900D2E90C /* Currency-Statist */,
			);
		};
/* End PBXProject section */

/* Begin PBXResourcesBuildPhase section */
		416AFD2A1E59B45900D2E90C /* Resources */ = {
			isa = PBXResourcesBuildPhase;
			buildActionMask = 2147483647;
			files = (
				416AFD3A1E59B45900D2E90C /* LaunchScreen.storyboard in Resources */,
				A8D619F01E5D6D31003472EC /* DateTimePickerView.xib in Resources */,
				416AFD371E59B45900D2E90C /* Assets.xcassets in Resources */,
				416AFD351E59B45900D2E90C /* Main.storyboard in Resources */,
			);
			runOnlyForDeploymentPostprocessing = 0;
		};
/* End PBXResourcesBuildPhase section */

/* Begin PBXShellScriptBuildPhase section */
		1CB049D09F27E8663968878D /* [CP] Embed Pods Frameworks */ = {
			isa = PBXShellScriptBuildPhase;
			buildActionMask = 2147483647;
			files = (
			);
			inputPaths = (
			);
			name = "[CP] Embed Pods Frameworks";
			outputPaths = (
			);
			runOnlyForDeploymentPostprocessing = 0;
			shellPath = /bin/sh;
			shellScript = "\"${SRCROOT}/Pods/Target Support Files/Pods-Currency-Statist/Pods-Currency-Statist-frameworks.sh\"\n";
			showEnvVarsInLog = 0;
		};
		7B87B8A996463E0A75F67FC9 /* [CP] Copy Pods Resources */ = {
			isa = PBXShellScriptBuildPhase;
			buildActionMask = 2147483647;
			files = (
			);
			inputPaths = (
			);
			name = "[CP] Copy Pods Resources";
			outputPaths = (
			);
			runOnlyForDeploymentPostprocessing = 0;
			shellPath = /bin/sh;
			shellScript = "\"${SRCROOT}/Pods/Target Support Files/Pods-Currency-Statist/Pods-Currency-Statist-resources.sh\"\n";
			showEnvVarsInLog = 0;
		};
		BC7203B7CC6C84218889C3F1 /* [CP] Check Pods Manifest.lock */ = {
			isa = PBXShellScriptBuildPhase;
			buildActionMask = 2147483647;
			files = (
			);
			inputPaths = (
			);
			name = "[CP] Check Pods Manifest.lock";
			outputPaths = (
			);
			runOnlyForDeploymentPostprocessing = 0;
			shellPath = /bin/sh;
			shellScript = "diff \"${PODS_ROOT}/../Podfile.lock\" \"${PODS_ROOT}/Manifest.lock\" > /dev/null\nif [ $? != 0 ] ; then\n    # print error to STDERR\n    echo \"error: The sandbox is not in sync with the Podfile.lock. Run 'pod install' or update your CocoaPods installation.\" >&2\n    exit 1\nfi\n";
			showEnvVarsInLog = 0;
		};
/* End PBXShellScriptBuildPhase section */

/* Begin PBXSourcesBuildPhase section */
		416AFD281E59B45900D2E90C /* Sources */ = {
			isa = PBXSourcesBuildPhase;
			buildActionMask = 2147483647;
			files = (
				413A23D71E59DA690097B0BC /* CurrencyWorker.swift in Sources */,
				413A23D61E59DA690097B0BC /* Currency.swift in Sources */,
				413A23DE1E59F3780097B0BC /* CurrencyPriceSet.swift in Sources */,
				416AFD301E59B45900D2E90C /* AppDelegate.swift in Sources */,
				A81A36E01E59D8B500EDC8CA /* MenuCell.swift in Sources */,
				A81A36E51E59D94100EDC8CA /* SingleCurrencyViewController.swift in Sources */,
				4141CF221E5DC6990032D7EA /* DateValueFormatter.swift in Sources */,
				A81A36E31E59D8B500EDC8CA /* PageControllerExtensions.swift in Sources */,
				A81A36EE1E5A1B2B00EDC8CA /* SettingsViewController.swift in Sources */,
				A8D619F51E5D9C33003472EC /* UIKit+CurrencyStatist.swift in Sources */,
				A81A36C11E59D3AB00EDC8CA /* CurrenciesPageController.swift in Sources */,
				A8D619F31E5D8BF0003472EC /* UserDefaults+CurencyStatist.swift in Sources */,
				A87571EA1E5CA6D30079EE7E /* DateTimePickerViewController.m in Sources */,
				A81A36E21E59D8B500EDC8CA /* PageController.swift in Sources */,
				A81A36E11E59D8B500EDC8CA /* PageController+ContainerView.swift in Sources */,
				A81A36EC1E5A0F8500EDC8CA /* CurrencyType.swift in Sources */,
				A81A36DF1E59D8B500EDC8CA /* MenuBar.swift in Sources */,
				A81A36DE1E59D8B500EDC8CA /* MenuBar+ContainerView.swift in Sources */,
				A81A36EA1E59F17000EDC8CA /* CurrencyMenuCell.swift in Sources */,
				413A23DC1E59F2EE0097B0BC /* CurrencyPriceEntry.swift in Sources */,
			);
			runOnlyForDeploymentPostprocessing = 0;
		};
/* End PBXSourcesBuildPhase section */

/* Begin PBXVariantGroup section */
		416AFD331E59B45900D2E90C /* Main.storyboard */ = {
			isa = PBXVariantGroup;
			children = (
				416AFD341E59B45900D2E90C /* Base */,
			);
			name = Main.storyboard;
			sourceTree = "<group>";
		};
		416AFD381E59B45900D2E90C /* LaunchScreen.storyboard */ = {
			isa = PBXVariantGroup;
			children = (
				416AFD391E59B45900D2E90C /* Base */,
			);
			name = LaunchScreen.storyboard;
			sourceTree = "<group>";
		};
/* End PBXVariantGroup section */

/* Begin XCBuildConfiguration section */
		416AFD3C1E59B45900D2E90C /* Debug */ = {
			isa = XCBuildConfiguration;
			buildSettings = {
				ALWAYS_SEARCH_USER_PATHS = NO;
				CLANG_ANALYZER_NONNULL = YES;
				CLANG_CXX_LANGUAGE_STANDARD = "gnu++0x";
				CLANG_CXX_LIBRARY = "libc++";
				CLANG_ENABLE_MODULES = YES;
				CLANG_ENABLE_OBJC_ARC = YES;
				CLANG_WARN_BOOL_CONVERSION = YES;
				CLANG_WARN_CONSTANT_CONVERSION = YES;
				CLANG_WARN_DIRECT_OBJC_ISA_USAGE = YES_ERROR;
				CLANG_WARN_DOCUMENTATION_COMMENTS = YES;
				CLANG_WARN_EMPTY_BODY = YES;
				CLANG_WARN_ENUM_CONVERSION = YES;
				CLANG_WARN_INFINITE_RECURSION = YES;
				CLANG_WARN_INT_CONVERSION = YES;
				CLANG_WARN_OBJC_ROOT_CLASS = YES_ERROR;
				CLANG_WARN_SUSPICIOUS_MOVE = YES;
				CLANG_WARN_UNREACHABLE_CODE = YES;
				CLANG_WARN__DUPLICATE_METHOD_MATCH = YES;
				"CODE_SIGN_IDENTITY[sdk=iphoneos*]" = "iPhone Developer";
				COPY_PHASE_STRIP = NO;
				DEBUG_INFORMATION_FORMAT = dwarf;
				ENABLE_STRICT_OBJC_MSGSEND = YES;
				ENABLE_TESTABILITY = YES;
				FRAMEWORK_SEARCH_PATHS = "$(inherited)";
				GCC_C_LANGUAGE_STANDARD = gnu99;
				GCC_DYNAMIC_NO_PIC = NO;
				GCC_NO_COMMON_BLOCKS = YES;
				GCC_OPTIMIZATION_LEVEL = 0;
				GCC_PREPROCESSOR_DEFINITIONS = (
					"DEBUG=1",
					"$(inherited)",
				);
				GCC_WARN_64_TO_32_BIT_CONVERSION = YES;
				GCC_WARN_ABOUT_RETURN_TYPE = YES_ERROR;
				GCC_WARN_UNDECLARED_SELECTOR = YES;
				GCC_WARN_UNINITIALIZED_AUTOS = YES_AGGRESSIVE;
				GCC_WARN_UNUSED_FUNCTION = YES;
				GCC_WARN_UNUSED_VARIABLE = YES;
				IPHONEOS_DEPLOYMENT_TARGET = 10.2;
				MTL_ENABLE_DEBUG_INFO = YES;
				ONLY_ACTIVE_ARCH = YES;
				SDKROOT = iphoneos;
				SWIFT_ACTIVE_COMPILATION_CONDITIONS = DEBUG;
				SWIFT_OPTIMIZATION_LEVEL = "-Onone";
				TARGETED_DEVICE_FAMILY = "1,2";
			};
			name = Debug;
		};
		416AFD3D1E59B45900D2E90C /* Release */ = {
			isa = XCBuildConfiguration;
			buildSettings = {
				ALWAYS_SEARCH_USER_PATHS = NO;
				CLANG_ANALYZER_NONNULL = YES;
				CLANG_CXX_LANGUAGE_STANDARD = "gnu++0x";
				CLANG_CXX_LIBRARY = "libc++";
				CLANG_ENABLE_MODULES = YES;
				CLANG_ENABLE_OBJC_ARC = YES;
				CLANG_WARN_BOOL_CONVERSION = YES;
				CLANG_WARN_CONSTANT_CONVERSION = YES;
				CLANG_WARN_DIRECT_OBJC_ISA_USAGE = YES_ERROR;
				CLANG_WARN_DOCUMENTATION_COMMENTS = YES;
				CLANG_WARN_EMPTY_BODY = YES;
				CLANG_WARN_ENUM_CONVERSION = YES;
				CLANG_WARN_INFINITE_RECURSION = YES;
				CLANG_WARN_INT_CONVERSION = YES;
				CLANG_WARN_OBJC_ROOT_CLASS = YES_ERROR;
				CLANG_WARN_SUSPICIOUS_MOVE = YES;
				CLANG_WARN_UNREACHABLE_CODE = YES;
				CLANG_WARN__DUPLICATE_METHOD_MATCH = YES;
				"CODE_SIGN_IDENTITY[sdk=iphoneos*]" = "iPhone Developer";
				COPY_PHASE_STRIP = NO;
				DEBUG_INFORMATION_FORMAT = "dwarf-with-dsym";
				ENABLE_NS_ASSERTIONS = NO;
				ENABLE_STRICT_OBJC_MSGSEND = YES;
				FRAMEWORK_SEARCH_PATHS = "$(inherited)";
				GCC_C_LANGUAGE_STANDARD = gnu99;
				GCC_NO_COMMON_BLOCKS = YES;
				GCC_WARN_64_TO_32_BIT_CONVERSION = YES;
				GCC_WARN_ABOUT_RETURN_TYPE = YES_ERROR;
				GCC_WARN_UNDECLARED_SELECTOR = YES;
				GCC_WARN_UNINITIALIZED_AUTOS = YES_AGGRESSIVE;
				GCC_WARN_UNUSED_FUNCTION = YES;
				GCC_WARN_UNUSED_VARIABLE = YES;
				IPHONEOS_DEPLOYMENT_TARGET = 10.2;
				MTL_ENABLE_DEBUG_INFO = NO;
				SDKROOT = iphoneos;
				SWIFT_OPTIMIZATION_LEVEL = "-Owholemodule";
				TARGETED_DEVICE_FAMILY = "1,2";
				VALIDATE_PRODUCT = YES;
			};
			name = Release;
		};
		416AFD3F1E59B45900D2E90C /* Debug */ = {
			isa = XCBuildConfiguration;
			baseConfigurationReference = 0F7C525F4AC9DA03AC3B23C1 /* Pods-Currency-Statist.debug.xcconfig */;
			buildSettings = {
				ALWAYS_EMBED_SWIFT_STANDARD_LIBRARIES = YES;
				ASSETCATALOG_COMPILER_APPICON_NAME = AppIcon;
				CLANG_ENABLE_MODULES = YES;
				DEVELOPMENT_TEAM = 76LJ97E96C;
				FRAMEWORK_SEARCH_PATHS = (
					"$(inherited)",
					"$(SRCROOT)/**",
				);
				INFOPLIST_FILE = "Currency-Statist/Info.plist";
				LD_RUNPATH_SEARCH_PATHS = "$(inherited) @executable_path/Frameworks";
				PRODUCT_BUNDLE_IDENTIFIER = "com.pan-terra.Currency-Statist";
				PRODUCT_NAME = "$(TARGET_NAME)";
				SWIFT_OBJC_BRIDGING_HEADER = "Currency-Statist/Currency-Statist-Bridging-Header.h";
				SWIFT_OPTIMIZATION_LEVEL = "-Onone";
				SWIFT_VERSION = 3.0;
			};
			name = Debug;
		};
		416AFD401E59B45900D2E90C /* Release */ = {
			isa = XCBuildConfiguration;
			baseConfigurationReference = B966DBC5DC2D9B00B258D922 /* Pods-Currency-Statist.release.xcconfig */;
			buildSettings = {
				ALWAYS_EMBED_SWIFT_STANDARD_LIBRARIES = YES;
				ASSETCATALOG_COMPILER_APPICON_NAME = AppIcon;
				CLANG_ENABLE_MODULES = YES;
				DEVELOPMENT_TEAM = 76LJ97E96C;
				FRAMEWORK_SEARCH_PATHS = (
					"$(inherited)",
					"$(SRCROOT)/**",
				);
				INFOPLIST_FILE = "Currency-Statist/Info.plist";
				LD_RUNPATH_SEARCH_PATHS = "$(inherited) @executable_path/Frameworks";
				PRODUCT_BUNDLE_IDENTIFIER = "com.pan-terra.Currency-Statist";
				PRODUCT_NAME = "$(TARGET_NAME)";
				SWIFT_OBJC_BRIDGING_HEADER = "Currency-Statist/Currency-Statist-Bridging-Header.h";
				SWIFT_VERSION = 3.0;
			};
			name = Release;
		};
/* End XCBuildConfiguration section */

/* Begin XCConfigurationList section */
		416AFD271E59B45900D2E90C /* Build configuration list for PBXProject "Currency-Statist" */ = {
			isa = XCConfigurationList;
			buildConfigurations = (
				416AFD3C1E59B45900D2E90C /* Debug */,
				416AFD3D1E59B45900D2E90C /* Release */,
			);
			defaultConfigurationIsVisible = 0;
			defaultConfigurationName = Release;
		};
		416AFD3E1E59B45900D2E90C /* Build configuration list for PBXNativeTarget "Currency-Statist" */ = {
			isa = XCConfigurationList;
			buildConfigurations = (
				416AFD3F1E59B45900D2E90C /* Debug */,
				416AFD401E59B45900D2E90C /* Release */,
			);
			defaultConfigurationIsVisible = 0;
			defaultConfigurationName = Release;
		};
/* End XCConfigurationList section */
	};
	rootObject = 416AFD241E59B45900D2E90C /* Project object */;
}
